
Microsoft Visual Studio Solution File, Format Version 12.00
# Visual Studio Version 16
VisualStudioVersion = 16.0.30114.105
MinimumVisualStudioVersion = 10.0.40219.1
Project("{FAE04EC0-301F-11D3-BF4B-00C04F79EFBC}") = "SignalR-GMchat", "SignalR-GMchat\SignalR-GMchat.csproj", "{51796E49-9198-4BDB-B9FA-2DE0E0097A5F}"
EndProject
Global
	GlobalSection(SolutionConfigurationPlatforms) = preSolution
		Debug|Any CPU = Debug|Any CPU
		Release|Any CPU = Release|Any CPU
	EndGlobalSection
	GlobalSection(ProjectConfigurationPlatforms) = postSolution
		{51796E49-9198-4BDB-B9FA-2DE0E0097A5F}.Debug|Any CPU.ActiveCfg = Debug|Any CPU
		{51796E49-9198-4BDB-B9FA-2DE0E0097A5F}.Debug|Any CPU.Build.0 = Debug|Any CPU
		{51796E49-9198-4BDB-B9FA-2DE0E0097A5F}.Release|Any CPU.ActiveCfg = Release|Any CPU
		{51796E49-9198-4BDB-B9FA-2DE0E0097A5F}.Release|Any CPU.Build.0 = Release|Any CPU
	EndGlobalSection
	GlobalSection(SolutionProperties) = preSolution
		HideSolutionNode = FALSE
	EndGlobalSection
	GlobalSection(ExtensibilityGlobals) = postSolution
		SolutionGuid = {F86B6F02-7B8C-4902-B8AA-30C0C0DA6F06}
	EndGlobalSection
EndGlobal
